
Microsoft Visual Studio Solution File, Format Version 12.00
# Visual Studio Version 16
VisualStudioVersion = 16.0.30503.244
MinimumVisualStudioVersion = 10.0.40219.1
Project("{9A19103F-16F7-4668-BE54-9A1E7A4F7556}") = "Homework", "Homework\Homework.csproj", "{C66A7B90-B8F9-4989-929B-11569BE592FB}"
EndProject
Project("{FAE04EC0-301F-11D3-BF4B-00C04F79EFBC}") = "Homework.Tests", "Homework.Tests\Homework.Tests.csproj", "{BBA93DF3-71E2-41B5-B115-47A3CFF41F15}"
EndProject
Global
	GlobalSection(SolutionConfigurationPlatforms) = preSolution
		Debug|Any CPU = Debug|Any CPU
		Release|Any CPU = Release|Any CPU
	EndGlobalSection
	GlobalSection(ProjectConfigurationPlatforms) = postSolution
		{C66A7B90-B8F9-4989-929B-11569BE592FB}.Debug|Any CPU.ActiveCfg = Debug|Any CPU
		{C66A7B90-B8F9-4989-929B-11569BE592FB}.Debug|Any CPU.Build.0 = Debug|Any CPU
		{C66A7B90-B8F9-4989-929B-11569BE592FB}.Release|Any CPU.ActiveCfg = Release|Any CPU
		{C66A7B90-B8F9-4989-929B-11569BE592FB}.Release|Any CPU.Build.0 = Release|Any CPU
		{BBA93DF3-71E2-41B5-B115-47A3CFF41F15}.Debug|Any CPU.ActiveCfg = Debug|Any CPU
		{BBA93DF3-71E2-41B5-B115-47A3CFF41F15}.Debug|Any CPU.Build.0 = Debug|Any CPU
		{BBA93DF3-71E2-41B5-B115-47A3CFF41F15}.Release|Any CPU.ActiveCfg = Release|Any CPU
		{BBA93DF3-71E2-41B5-B115-47A3CFF41F15}.Release|Any CPU.Build.0 = Release|Any CPU
	EndGlobalSection
	GlobalSection(SolutionProperties) = preSolution
		HideSolutionNode = FALSE
	EndGlobalSection
	GlobalSection(ExtensibilityGlobals) = postSolution
		SolutionGuid = {D1833A11-F15C-4D1E-A493-5040A9DD43CF}
	EndGlobalSection
EndGlobal
